
Microsoft Visual Studio Solution File, Format Version 12.00
# Visual Studio Version 17
VisualStudioVersion = 17.1.32319.34
MinimumVisualStudioVersion = 10.0.40219.1
Project("{9A19103F-16F7-4668-BE54-9A1E7A4F7556}") = "CoffeeBaz.Server", "CoffeeBaz\Server\CoffeeBaz.Server.csproj", "{8DFF455F-6CD1-414A-9ED5-765C14819F6D}"
EndProject
Project("{9A19103F-16F7-4668-BE54-9A1E7A4F7556}") = "CoffeeBaz.Client", "CoffeeBaz\Client\CoffeeBaz.Client.csproj", "{5339A225-8966-43E0-A1B0-BCE1229B3693}"
EndProject
Project("{9A19103F-16F7-4668-BE54-9A1E7A4F7556}") = "CoffeeBaz.Shared", "CoffeeBaz\Shared\CoffeeBaz.Shared.csproj", "{6CFC3CC0-FD47-4865-80F4-40128151EA56}"
EndProject
Project("{9A19103F-16F7-4668-BE54-9A1E7A4F7556}") = "CoffeeBaz.Data", "CoffeeBaz\CoffeeBaz.Data\CoffeeBaz.Data.csproj", "{28C8ED66-1711-4599-919E-D822C2E0A5B2}"
EndProject
Project("{9A19103F-16F7-4668-BE54-9A1E7A4F7556}") = "CoffeeBaz.Service", "CoffeeBaz\CoffeeBaz.Service\CoffeeBaz.Service.csproj", "{925F95C2-5BF7-43E1-9678-734AFF466DA0}"
EndProject
Global
	GlobalSection(SolutionConfigurationPlatforms) = preSolution
		Debug|Any CPU = Debug|Any CPU
		Release|Any CPU = Release|Any CPU
	EndGlobalSection
	GlobalSection(ProjectConfigurationPlatforms) = postSolution
		{8DFF455F-6CD1-414A-9ED5-765C14819F6D}.Debug|Any CPU.ActiveCfg = Debug|Any CPU
		{8DFF455F-6CD1-414A-9ED5-765C14819F6D}.Debug|Any CPU.Build.0 = Debug|Any CPU
		{8DFF455F-6CD1-414A-9ED5-765C14819F6D}.Release|Any CPU.ActiveCfg = Release|Any CPU
		{8DFF455F-6CD1-414A-9ED5-765C14819F6D}.Release|Any CPU.Build.0 = Release|Any CPU
		{5339A225-8966-43E0-A1B0-BCE1229B3693}.Debug|Any CPU.ActiveCfg = Debug|Any CPU
		{5339A225-8966-43E0-A1B0-BCE1229B3693}.Debug|Any CPU.Build.0 = Debug|Any CPU
		{5339A225-8966-43E0-A1B0-BCE1229B3693}.Release|Any CPU.ActiveCfg = Release|Any CPU
		{5339A225-8966-43E0-A1B0-BCE1229B3693}.Release|Any CPU.Build.0 = Release|Any CPU
		{6CFC3CC0-FD47-4865-80F4-40128151EA56}.Debug|Any CPU.ActiveCfg = Debug|Any CPU
		{6CFC3CC0-FD47-4865-80F4-40128151EA56}.Debug|Any CPU.Build.0 = Debug|Any CPU
		{6CFC3CC0-FD47-4865-80F4-40128151EA56}.Release|Any CPU.ActiveCfg = Release|Any CPU
		{6CFC3CC0-FD47-4865-80F4-40128151EA56}.Release|Any CPU.Build.0 = Release|Any CPU
		{28C8ED66-1711-4599-919E-D822C2E0A5B2}.Debug|Any CPU.ActiveCfg = Debug|Any CPU
		{28C8ED66-1711-4599-919E-D822C2E0A5B2}.Debug|Any CPU.Build.0 = Debug|Any CPU
		{28C8ED66-1711-4599-919E-D822C2E0A5B2}.Release|Any CPU.ActiveCfg = Release|Any CPU
		{28C8ED66-1711-4599-919E-D822C2E0A5B2}.Release|Any CPU.Build.0 = Release|Any CPU
		{925F95C2-5BF7-43E1-9678-734AFF466DA0}.Debug|Any CPU.ActiveCfg = Debug|Any CPU
		{925F95C2-5BF7-43E1-9678-734AFF466DA0}.Debug|Any CPU.Build.0 = Debug|Any CPU
		{925F95C2-5BF7-43E1-9678-734AFF466DA0}.Release|Any CPU.ActiveCfg = Release|Any CPU
		{925F95C2-5BF7-43E1-9678-734AFF466DA0}.Release|Any CPU.Build.0 = Release|Any CPU
	EndGlobalSection
	GlobalSection(SolutionProperties) = preSolution
		HideSolutionNode = FALSE
	EndGlobalSection
	GlobalSection(ExtensibilityGlobals) = postSolution
		SolutionGuid = {AFD8FAAA-D03E-4736-8711-BE6323651CDF}
	EndGlobalSection
EndGlobal
